{
  "pins" : [
    {
      "identity" : "clustermap",
      "kind" : "remoteSourceControl",
      "location" : "https://github.com/ChernyshArtem/ClusterMap",
      "state" : {
        "branch" : "main",
        "revision" : "e26cdc09ea39c979702fe68f6c443845180a0c9c"
      }
    }
  ],
  "version" : 2
}
